
Microsoft Visual Studio Solution File, Format Version 12.00
# Visual Studio Version 17
VisualStudioVersion = 17.3.32825.248
MinimumVisualStudioVersion = 10.0.40219.1
Project("{FAE04EC0-301F-11D3-BF4B-00C04F79EFBC}") = "actual tronk", "actual tronk\actual tronk.csproj", "{2698BF61-BE88-4766-8A76-6C65F9CF7DCA}"
EndProject
Global
	GlobalSection(SolutionConfigurationPlatforms) = preSolution
		Debug|Any CPU = Debug|Any CPU
		Release|Any CPU = Release|Any CPU
	EndGlobalSection
	GlobalSection(ProjectConfigurationPlatforms) = postSolution
		{2698BF61-BE88-4766-8A76-6C65F9CF7DCA}.Debug|Any CPU.ActiveCfg = Debug|Any CPU
		{2698BF61-BE88-4766-8A76-6C65F9CF7DCA}.Debug|Any CPU.Build.0 = Debug|Any CPU
		{2698BF61-BE88-4766-8A76-6C65F9CF7DCA}.Release|Any CPU.ActiveCfg = Release|Any CPU
		{2698BF61-BE88-4766-8A76-6C65F9CF7DCA}.Release|Any CPU.Build.0 = Release|Any CPU
	EndGlobalSection
	GlobalSection(SolutionProperties) = preSolution
		HideSolutionNode = FALSE
	EndGlobalSection
	GlobalSection(ExtensibilityGlobals) = postSolution
		SolutionGuid = {AB73AEE6-FD28-43C2-8AA8-05B529B1B80D}
	EndGlobalSection
EndGlobal
